{
  "name": "example-gametest",
  "version": "0.0.1",
  "lockfileVersion": 2,
  "requires": true,
  "packages": {
    "": {
      "name": "example-gametest",
      "version": "0.0.1",
      "license": "ISC",
      "dependencies": {
        "@minecraft/server": "^1.1.0-beta.1.19.60-stable",
        "@minecraft/server-gametest": "^1.0.0-beta.1.19.60-stable"
      }
    },
    "node_modules/@minecraft/server": {
      "version": "1.1.0-beta.1.19.60-stable",
      "resolved": "https://registry.npmjs.org/@minecraft/server/-/server-1.1.0-beta.1.19.60-stable.tgz",
      "integrity": "sha512-o7koQPeyX/R+MUdgexYMIfoZtdkWgr51s+e1f7gR2EqomTUu8/J/8N3sDEWIdeMU2zM5MzWaezCJK0+rEUpZTg=="
    },
    "node_modules/@minecraft/server-gametest": {
      "version": "1.0.0-beta.1.19.60-stable",
      "resolved": "https://registry.npmjs.org/@minecraft/server-gametest/-/server-gametest-1.0.0-beta.1.19.60-stable.tgz",
      "integrity": "sha512-QMN9Vccji2N2lccbT12Xc+5oGlZMcaR3ycXTc2ane+3BJmYAMWyUeCJqwYKH1NTDU+aKlO4y9wu4zeNZG5pl/w==",
      "dependencies": {
        "@minecraft/server": "1.1.0-beta.1.19.60-stable"
      }
    }
  },
  "dependencies": {
    "@minecraft/server": {
      "version": "1.1.0-beta.1.19.60-stable",
      "resolved": "https://registry.npmjs.org/@minecraft/server/-/server-1.1.0-beta.1.19.60-stable.tgz",
      "integrity": "sha512-o7koQPeyX/R+MUdgexYMIfoZtdkWgr51s+e1f7gR2EqomTUu8/J/8N3sDEWIdeMU2zM5MzWaezCJK0+rEUpZTg=="
    },
    "@minecraft/server-gametest": {
      "version": "1.0.0-beta.1.19.60-stable",
      "resolved": "https://registry.npmjs.org/@minecraft/server-gametest/-/server-gametest-1.0.0-beta.1.19.60-stable.tgz",
      "integrity": "sha512-QMN9Vccji2N2lccbT12Xc+5oGlZMcaR3ycXTc2ane+3BJmYAMWyUeCJqwYKH1NTDU+aKlO4y9wu4zeNZG5pl/w==",
      "requires": {
        "@minecraft/server": "1.1.0-beta.1.19.60-stable"
      }
    }
  }
}
