{
  "name": "example-gametest",
  "version": "0.0.1",
  "lockfileVersion": 2,
  "requires": true,
  "packages": {
    "": {
      "name": "example-gametest",
      "version": "0.0.1",
      "license": "ISC",
      "dependencies": {
        "@types/mojang-gametest": "^0.1.5",
        "@types/mojang-minecraft": "^0.1.6"
      }
    },
    "node_modules/@types/mojang-gametest": {
      "version": "0.1.5",
      "resolved": "https://registry.npmjs.org/@types/mojang-gametest/-/mojang-gametest-0.1.5.tgz",
      "integrity": "sha512-wFSw1R/Xmck7bg6RATTMapiLlz+3gY87fAgcBQM+SJWPyA08GW1t4a5DYVCUlM45uNrcbS38orWrDTU2xY5KQQ==",
      "dependencies": {
        "@types/mojang-minecraft": "*"
      }
    },
    "node_modules/@types/mojang-minecraft": {
      "version": "0.1.6",
      "resolved": "https://registry.npmjs.org/@types/mojang-minecraft/-/mojang-minecraft-0.1.6.tgz",
      "integrity": "sha512-Zho2/JYWmowvOYGVcnV08DRASYm66oeENR4yvXTLpMXWJm/j12rbuk5ddXQoE+GIu+vsbsQzzJFHeZ3HxI1TLw=="
    }
  },
  "dependencies": {
    "@types/mojang-gametest": {
      "version": "0.1.5",
      "resolved": "https://registry.npmjs.org/@types/mojang-gametest/-/mojang-gametest-0.1.5.tgz",
      "integrity": "sha512-wFSw1R/Xmck7bg6RATTMapiLlz+3gY87fAgcBQM+SJWPyA08GW1t4a5DYVCUlM45uNrcbS38orWrDTU2xY5KQQ==",
      "requires": {
        "@types/mojang-minecraft": "*"
      }
    },
    "@types/mojang-minecraft": {
      "version": "0.1.6",
      "resolved": "https://registry.npmjs.org/@types/mojang-minecraft/-/mojang-minecraft-0.1.6.tgz",
      "integrity": "sha512-Zho2/JYWmowvOYGVcnV08DRASYm66oeENR4yvXTLpMXWJm/j12rbuk5ddXQoE+GIu+vsbsQzzJFHeZ3HxI1TLw=="
    }
  }
}
